
Microsoft Visual Studio Solution File, Format Version 12.00
# Visual Studio Version 17
VisualStudioVersion = 17.14.36310.24
MinimumVisualStudioVersion = 10.0.40219.1
Project("{2150E333-8FDC-42A3-9474-1A3956D46DE8}") = "src", "src", "{02EA681E-C7D8-13C7-8484-4AC65E1B71E8}"
EndProject
Project("{2150E333-8FDC-42A3-9474-1A3956D46DE8}") = "test", "test", "{DECB2DE4-E555-47D1-A94B-B2A3577EFDF6}"
EndProject
Project("{2150E333-8FDC-42A3-9474-1A3956D46DE8}") = "APIs", "APIs", "{3E3F28F2-C1EB-4A06-89AF-7BB2D345BCFE}"
EndProject
Project("{FAE04EC0-301F-11D3-BF4B-00C04F79EFBC}") = "Final.APIs", "Final.APIs\Final.APIs.csproj", "{DDB6557F-6DAF-4636-A5AA-17A5CC20D912}"
EndProject
Project("{FAE04EC0-301F-11D3-BF4B-00C04F79EFBC}") = "Final.APIs.Controllers", "Final.APIs.Controllers\Final.APIs.Controllers.csproj", "{4C68249A-618F-478F-ACFD-7478E996C4C9}"
EndProject
Project("{2150E333-8FDC-42A3-9474-1A3956D46DE8}") = "Core", "Core", "{74D5A05F-A145-4791-9B41-A27C681DEEC5}"
EndProject
Project("{FAE04EC0-301F-11D3-BF4B-00C04F79EFBC}") = "Final.Domain", "Domain\Final.Domain.csproj", "{4044CCC6-ADE1-4123-B3B2-E86A293337B8}"
EndProject
Project("{FAE04EC0-301F-11D3-BF4B-00C04F79EFBC}") = "Final.Application", "Final.Application\Final.Application.csproj", "{ADF3629A-8877-4A73-B785-9560E2D6D52B}"
EndProject
Project("{FAE04EC0-301F-11D3-BF4B-00C04F79EFBC}") = "Final.Application.Abstraction", "Final.Application.Abstraction\Final.Application.Abstraction.csproj", "{2E7A0008-8B7F-4D6E-B8D0-FE4CBC810A93}"
EndProject
Project("{2150E333-8FDC-42A3-9474-1A3956D46DE8}") = "Infrastructure", "Infrastructure", "{3C3B15AF-103E-4C77-9C1C-4FC955C2A84A}"
EndProject
Project("{FAE04EC0-301F-11D3-BF4B-00C04F79EFBC}") = "Final.Infrastructure", "Final.Infrastructure\Final.Infrastructure.csproj", "{88B51FA5-1705-458B-9D6C-B97485F32F3D}"
EndProject
Project("{FAE04EC0-301F-11D3-BF4B-00C04F79EFBC}") = "Final.Infrastructure.Persistence", "Final.Infrastructure.Persistence\Final.Infrastructure.Persistence.csproj", "{54AC7F80-ECDB-4B31-937D-A7D0933B8C0F}"
EndProject
Project("{2150E333-8FDC-42A3-9474-1A3956D46DE8}") = "UI", "UI", "{D1ADDB90-2D90-48D9-91EC-007797C0A624}"
EndProject
Project("{2150E333-8FDC-42A3-9474-1A3956D46DE8}") = "Dashboard", "Dashboard", "{04F8CA21-91D7-4715-BF26-A72B1460B414}"
EndProject
Project("{FAE04EC0-301F-11D3-BF4B-00C04F79EFBC}") = "Final.Dashboard", "Final.Dashboard\Final.Dashboard.csproj", "{D17AE728-BA50-4983-B5E2-AFD226DACE6D}"
EndProject
Global
	GlobalSection(SolutionConfigurationPlatforms) = preSolution
		Debug|Any CPU = Debug|Any CPU
		Release|Any CPU = Release|Any CPU
	EndGlobalSection
	GlobalSection(ProjectConfigurationPlatforms) = postSolution
		{DDB6557F-6DAF-4636-A5AA-17A5CC20D912}.Debug|Any CPU.ActiveCfg = Debug|Any CPU
		{DDB6557F-6DAF-4636-A5AA-17A5CC20D912}.Debug|Any CPU.Build.0 = Debug|Any CPU
		{DDB6557F-6DAF-4636-A5AA-17A5CC20D912}.Release|Any CPU.ActiveCfg = Release|Any CPU
		{DDB6557F-6DAF-4636-A5AA-17A5CC20D912}.Release|Any CPU.Build.0 = Release|Any CPU
		{4C68249A-618F-478F-ACFD-7478E996C4C9}.Debug|Any CPU.ActiveCfg = Debug|Any CPU
		{4C68249A-618F-478F-ACFD-7478E996C4C9}.Debug|Any CPU.Build.0 = Debug|Any CPU
		{4C68249A-618F-478F-ACFD-7478E996C4C9}.Release|Any CPU.ActiveCfg = Release|Any CPU
		{4C68249A-618F-478F-ACFD-7478E996C4C9}.Release|Any CPU.Build.0 = Release|Any CPU
		{4044CCC6-ADE1-4123-B3B2-E86A293337B8}.Debug|Any CPU.ActiveCfg = Debug|Any CPU
		{4044CCC6-ADE1-4123-B3B2-E86A293337B8}.Debug|Any CPU.Build.0 = Debug|Any CPU
		{4044CCC6-ADE1-4123-B3B2-E86A293337B8}.Release|Any CPU.ActiveCfg = Release|Any CPU
		{4044CCC6-ADE1-4123-B3B2-E86A293337B8}.Release|Any CPU.Build.0 = Release|Any CPU
		{ADF3629A-8877-4A73-B785-9560E2D6D52B}.Debug|Any CPU.ActiveCfg = Debug|Any CPU
		{ADF3629A-8877-4A73-B785-9560E2D6D52B}.Debug|Any CPU.Build.0 = Debug|Any CPU
		{ADF3629A-8877-4A73-B785-9560E2D6D52B}.Release|Any CPU.ActiveCfg = Release|Any CPU
		{ADF3629A-8877-4A73-B785-9560E2D6D52B}.Release|Any CPU.Build.0 = Release|Any CPU
		{2E7A0008-8B7F-4D6E-B8D0-FE4CBC810A93}.Debug|Any CPU.ActiveCfg = Debug|Any CPU
		{2E7A0008-8B7F-4D6E-B8D0-FE4CBC810A93}.Debug|Any CPU.Build.0 = Debug|Any CPU
		{2E7A0008-8B7F-4D6E-B8D0-FE4CBC810A93}.Release|Any CPU.ActiveCfg = Release|Any CPU
		{2E7A0008-8B7F-4D6E-B8D0-FE4CBC810A93}.Release|Any CPU.Build.0 = Release|Any CPU
		{88B51FA5-1705-458B-9D6C-B97485F32F3D}.Debug|Any CPU.ActiveCfg = Debug|Any CPU
		{88B51FA5-1705-458B-9D6C-B97485F32F3D}.Debug|Any CPU.Build.0 = Debug|Any CPU
		{88B51FA5-1705-458B-9D6C-B97485F32F3D}.Release|Any CPU.ActiveCfg = Release|Any CPU
		{88B51FA5-1705-458B-9D6C-B97485F32F3D}.Release|Any CPU.Build.0 = Release|Any CPU
		{54AC7F80-ECDB-4B31-937D-A7D0933B8C0F}.Debug|Any CPU.ActiveCfg = Debug|Any CPU
		{54AC7F80-ECDB-4B31-937D-A7D0933B8C0F}.Debug|Any CPU.Build.0 = Debug|Any CPU
		{54AC7F80-ECDB-4B31-937D-A7D0933B8C0F}.Release|Any CPU.ActiveCfg = Release|Any CPU
		{54AC7F80-ECDB-4B31-937D-A7D0933B8C0F}.Release|Any CPU.Build.0 = Release|Any CPU
		{D17AE728-BA50-4983-B5E2-AFD226DACE6D}.Debug|Any CPU.ActiveCfg = Debug|Any CPU
		{D17AE728-BA50-4983-B5E2-AFD226DACE6D}.Debug|Any CPU.Build.0 = Debug|Any CPU
		{D17AE728-BA50-4983-B5E2-AFD226DACE6D}.Release|Any CPU.ActiveCfg = Release|Any CPU
		{D17AE728-BA50-4983-B5E2-AFD226DACE6D}.Release|Any CPU.Build.0 = Release|Any CPU
	EndGlobalSection
	GlobalSection(SolutionProperties) = preSolution
		HideSolutionNode = FALSE
	EndGlobalSection
	GlobalSection(NestedProjects) = preSolution
		{3E3F28F2-C1EB-4A06-89AF-7BB2D345BCFE} = {02EA681E-C7D8-13C7-8484-4AC65E1B71E8}
		{DDB6557F-6DAF-4636-A5AA-17A5CC20D912} = {3E3F28F2-C1EB-4A06-89AF-7BB2D345BCFE}
		{4C68249A-618F-478F-ACFD-7478E996C4C9} = {3E3F28F2-C1EB-4A06-89AF-7BB2D345BCFE}
		{74D5A05F-A145-4791-9B41-A27C681DEEC5} = {02EA681E-C7D8-13C7-8484-4AC65E1B71E8}
		{4044CCC6-ADE1-4123-B3B2-E86A293337B8} = {74D5A05F-A145-4791-9B41-A27C681DEEC5}
		{ADF3629A-8877-4A73-B785-9560E2D6D52B} = {74D5A05F-A145-4791-9B41-A27C681DEEC5}
		{2E7A0008-8B7F-4D6E-B8D0-FE4CBC810A93} = {74D5A05F-A145-4791-9B41-A27C681DEEC5}
		{3C3B15AF-103E-4C77-9C1C-4FC955C2A84A} = {02EA681E-C7D8-13C7-8484-4AC65E1B71E8}
		{88B51FA5-1705-458B-9D6C-B97485F32F3D} = {3C3B15AF-103E-4C77-9C1C-4FC955C2A84A}
		{54AC7F80-ECDB-4B31-937D-A7D0933B8C0F} = {3C3B15AF-103E-4C77-9C1C-4FC955C2A84A}
		{D1ADDB90-2D90-48D9-91EC-007797C0A624} = {02EA681E-C7D8-13C7-8484-4AC65E1B71E8}
		{04F8CA21-91D7-4715-BF26-A72B1460B414} = {D1ADDB90-2D90-48D9-91EC-007797C0A624}
		{D17AE728-BA50-4983-B5E2-AFD226DACE6D} = {04F8CA21-91D7-4715-BF26-A72B1460B414}
	EndGlobalSection
	GlobalSection(ExtensibilityGlobals) = postSolution
		SolutionGuid = {E4F35524-69EF-415D-A87F-B5EAF89FF46B}
	EndGlobalSection
EndGlobal
